# This file is automatically @generated by Cargo.
# It is not intended for manual editing.
version = 3

[[package]]
name = "anyhow"
version = "1.0.58"
source = "registry+https://github.com/rust-lang/crates.io-index"
checksum = "bb07d2053ccdbe10e2af2995a2f116c1330396493dc1269f6a91d0ae82e19704"

[[package]]
name = "autocfg"
version = "1.1.0"
source = "registry+https://github.com/rust-lang/crates.io-index"
checksum = "d468802bab17cbc0cc575e9b053f41e72aa36bfa6b7f55e3529ffa43161b97fa"

[[package]]
name = "hashbrown"
version = "0.12.3"
source = "registry+https://github.com/rust-lang/crates.io-index"
checksum = "8a9ee70c43aaf417c914396645a0fa852624801b24ebb7ae78fe8272889ac888"

[[package]]
name = "indexmap"
version = "1.9.1"
source = "registry+https://github.com/rust-lang/crates.io-index"
checksum = "10a35a97730320ffe8e2d410b5d3b69279b98d2c14bdb8b70ea89ecf7888d41e"
dependencies = [
 "autocfg",
 "hashbrown",
]

[[package]]
name = "leb128"
version = "0.2.5"
source = "registry+https://github.com/rust-lang/crates.io-index"
checksum = "884e2677b40cc8c339eaefcb701c32ef1fd2493d71118dc0ca4b6a736c93bd67"

[[package]]
name = "memchr"
version = "2.5.0"
source = "registry+https://github.com/rust-lang/crates.io-index"
checksum = "2dffe52ecf27772e601905b7522cb4ef790d2cc203488bbd0e2fe85fcb74566d"

[[package]]
name = "munge"
version = "0.1.0"
dependencies = [
 "anyhow",
 "wasmprinter",
 "wast",
]

[[package]]
name = "unicode-width"
version = "0.1.9"
source = "registry+https://github.com/rust-lang/crates.io-index"
checksum = "3ed742d4ea2bd1176e236172c8429aaf54486e7ac098db29ffe6529e0ce50973"

[[package]]
name = "wasm-encoder"
version = "0.14.0"
source = "registry+https://github.com/rust-lang/crates.io-index"
checksum = "f76068e87fe9b837a6bc2ccded66784173eadb828c4168643e9fddf6f9ed2e61"
dependencies = [
 "leb128",
]

[[package]]
name = "wasmparser"
version = "0.87.0"
source = "registry+https://github.com/rust-lang/crates.io-index"
checksum = "5c04e207cd2e8ecb6f9bd28a2cf3119b4c6bfeee6fe3a25cc1daf8041d00a875"
dependencies = [
 "indexmap",
]

[[package]]
name = "wasmprinter"
version = "0.2.37"
source = "registry+https://github.com/rust-lang/crates.io-index"
checksum = "550bde1d5aec6aa1584c9f227ca2ab60621e002a4b15b8bee83f92c7c516db87"
dependencies = [
 "anyhow",
 "wasmparser",
]

[[package]]
name = "wast"
version = "44.0.0"
source = "registry+https://github.com/rust-lang/crates.io-index"
checksum = "5f474d1b1cb7d92e5360b293f28e8bc9b2d115197a5bbf76bdbfba9161cf9cdc"
dependencies = [
 "leb128",
 "memchr",
 "unicode-width",
 "wasm-encoder",
]
